GEM
  remote: https://rubygems.org/
  specs:
    base64 (0.3.0)
    bcrypt (3.1.20)
    bigdecimal (3.3.1)
    csv (3.3.5)
    httparty (0.23.2)
      csv
      mini_mime (>= 1.0.0)
      multi_xml (>= 0.5.2)
    jwt (3.1.2)
      base64
    mini_mime (1.1.5)
    multi_xml (0.7.2)
      bigdecimal (~> 3.1)
    pg (1.6.2-x64-mingw-ucrt)
    resend (1.0.0)
      httparty (>= 0.21.0)
    webrick (1.9.1)

PLATFORMS
  x64-mingw-ucrt

DEPENDENCIES
  bcrypt
  jwt
  pg
  resend
  webrick

BUNDLED WITH
   2.6.9
