GEM
  remote: https://rubygems.org/
  specs:
    base64 (0.3.0)
    bcrypt (3.1.20)
    date (3.5.0)
    dotenv (3.1.8)
    jwt (3.1.2)
      base64
    logger (1.7.0)
    mail (2.9.0)
      logger
      mini_mime (>= 0.1.1)
      net-imap
      net-pop
      net-smtp
    mini_mime (1.1.5)
    net-imap (0.5.12)
      date
      net-protocol
    net-pop (0.1.2)
      net-protocol
    net-protocol (0.2.2)
      timeout
    net-smtp (0.5.1)
      net-protocol
    pg (1.6.2-x64-mingw-ucrt)
    timeout (0.4.4)
    webrick (1.9.1)

PLATFORMS
  x64-mingw-ucrt

DEPENDENCIES
  bcrypt
  dotenv
  jwt
  mail
  pg
  webrick

BUNDLED WITH
   2.6.9
